
Microsoft Visual Studio Solution File, Format Version 12.00
# Visual Studio Version 16
VisualStudioVersion = 25.0.1705.0
MinimumVisualStudioVersion = 10.0.40219.1
Project("{FAE04EC0-301F-11D3-BF4B-00C04F79EFBC}") = "GitPractice", "GitPractice.Domain/GitPractice.csproj", "{3B7BF3FE-9FDD-47F8-8F4E-70A1E38199BA}"
EndProject
Global
	GlobalSection(SolutionConfigurationPlatforms) = preSolution
		Debug|Any CPU = Debug|Any CPU
		Release|Any CPU = Release|Any CPU
	EndGlobalSection
	GlobalSection(ProjectConfigurationPlatforms) = postSolution
		{3B7BF3FE-9FDD-47F8-8F4E-70A1E38199BA}.Debug|Any CPU.ActiveCfg = Debug|Any CPU
		{3B7BF3FE-9FDD-47F8-8F4E-70A1E38199BA}.Debug|Any CPU.Build.0 = Debug|Any CPU
		{3B7BF3FE-9FDD-47F8-8F4E-70A1E38199BA}.Release|Any CPU.ActiveCfg = Release|Any CPU
		{3B7BF3FE-9FDD-47F8-8F4E-70A1E38199BA}.Release|Any CPU.Build.0 = Release|Any CPU
	EndGlobalSection
	GlobalSection(SolutionProperties) = preSolution
		HideSolutionNode = FALSE
	EndGlobalSection
	GlobalSection(ExtensibilityGlobals) = postSolution
		SolutionGuid = {67EBA874-CBC5-442C-B555-995B4EA08084}
	EndGlobalSection
EndGlobal
